
Microsoft Visual Studio Solution File, Format Version 12.00
# Visual Studio Version 17
VisualStudioVersion = 17.2.32630.192
MinimumVisualStudioVersion = 10.0.40219.1
Project("{9A19103F-16F7-4668-BE54-9A1E7A4F7556}") = "Easy.CreditCardUtilities", "Easy.CreditCardUtilities\Easy.CreditCardUtilities.csproj", "{9888908C-0CC2-4D90-A753-99FFFB2A02F6}"
EndProject
Project("{9A19103F-16F7-4668-BE54-9A1E7A4F7556}") = "Easy.CreditCardUtilities.Tests", "Easy.CreditCardUtilities.Tests\Easy.CreditCardUtilities.Tests.csproj", "{CFF5F509-1226-4862-8B7E-41F01720F170}"
EndProject
Global
	GlobalSection(SolutionConfigurationPlatforms) = preSolution
		Debug|Any CPU = Debug|Any CPU
		Release|Any CPU = Release|Any CPU
	EndGlobalSection
	GlobalSection(ProjectConfigurationPlatforms) = postSolution
		{9888908C-0CC2-4D90-A753-99FFFB2A02F6}.Debug|Any CPU.ActiveCfg = Debug|Any CPU
		{9888908C-0CC2-4D90-A753-99FFFB2A02F6}.Debug|Any CPU.Build.0 = Debug|Any CPU
		{9888908C-0CC2-4D90-A753-99FFFB2A02F6}.Release|Any CPU.ActiveCfg = Release|Any CPU
		{9888908C-0CC2-4D90-A753-99FFFB2A02F6}.Release|Any CPU.Build.0 = Release|Any CPU
		{CFF5F509-1226-4862-8B7E-41F01720F170}.Debug|Any CPU.ActiveCfg = Debug|Any CPU
		{CFF5F509-1226-4862-8B7E-41F01720F170}.Debug|Any CPU.Build.0 = Debug|Any CPU
		{CFF5F509-1226-4862-8B7E-41F01720F170}.Release|Any CPU.ActiveCfg = Release|Any CPU
		{CFF5F509-1226-4862-8B7E-41F01720F170}.Release|Any CPU.Build.0 = Release|Any CPU
	EndGlobalSection
	GlobalSection(SolutionProperties) = preSolution
		HideSolutionNode = FALSE
	EndGlobalSection
	GlobalSection(ExtensibilityGlobals) = postSolution
		SolutionGuid = {E7DC26EE-BC9A-4EFD-A9C1-2C44038AC1CB}
	EndGlobalSection
EndGlobal
